
Microsoft Visual Studio Solution File, Format Version 12.00
# Visual Studio 15
VisualStudioVersion = 15.0.27130.0
MinimumVisualStudioVersion = 10.0.40219.1
Project("{8BC9CEB8-8B4A-11D0-8D11-00A0C91BC942}") = "lib-polymer", "lib-polymer\lib-polymer.vcxproj", "{992E85A7-B590-477B-A1B2-8A04AAAD0E10}"
	ProjectSection(ProjectDependencies) = postProject
		{BE423E72-28C2-4FB7-9FE1-42AA2F393BBC} = {BE423E72-28C2-4FB7-9FE1-42AA2F393BBC}
	EndProjectSection
EndProject
Project("{8BC9CEB8-8B4A-11D0-8D11-00A0C91BC942}") = "glfw3", "third_party\glfw3\glfw3.vcxproj", "{BE423E72-28C2-4FB7-9FE1-42AA2F393BBC}"
EndProject
Project("{8BC9CEB8-8B4A-11D0-8D11-00A0C91BC942}") = "lib-model-io", "lib-model-io\lib-model-io.vcxproj", "{BDDB4BE8-092B-4C42-B39E-7EF79011403C}"
EndProject
Project("{2150E333-8FDC-42A3-9474-1A3956D46DE8}") = "libraries", "libraries", "{25969120-2DC7-47EA-827F-41616989B284}"
EndProject
Project("{2150E333-8FDC-42A3-9474-1A3956D46DE8}") = "apps", "apps", "{E4F5BE92-478B-4514-9F4C-1709C40EF65B}"
EndProject
Project("{8BC9CEB8-8B4A-11D0-8D11-00A0C91BC942}") = "scene-editor", "app-editor\scene-editor.vcxproj", "{516363FB-3F0D-463F-9CE5-8B739253C9E3}"
EndProject
Project("{8BC9CEB8-8B4A-11D0-8D11-00A0C91BC942}") = "lib-engine", "lib-engine\lib-engine.vcxproj", "{71F00A1A-C67D-4CB9-9F37-98D4975FA5C7}"
EndProject
Project("{2150E333-8FDC-42A3-9474-1A3956D46DE8}") = "samples", "samples", "{0B054E41-2F3E-4230-8488-B44C3643F315}"
EndProject
Project("{8BC9CEB8-8B4A-11D0-8D11-00A0C91BC942}") = "gl-render", "samples\gl-render\gl-render.vcxproj", "{20F2353F-E1EE-4825-B1BC-F99446F24954}"
EndProject
Project("{8BC9CEB8-8B4A-11D0-8D11-00A0C91BC942}") = "gl-render-offscreen", "samples\gl-render-offscreen\gl-render-offscreen.vcxproj", "{EFC8C9CF-5417-4D08-BCFD-7EEA59A2853E}"
EndProject
Project("{2150E333-8FDC-42A3-9474-1A3956D46DE8}") = "tests", "tests", "{A7EC5760-E80E-4DA8-BB5F-D0012CCDE6FE}"
EndProject
Project("{8BC9CEB8-8B4A-11D0-8D11-00A0C91BC942}") = "lib-engine-tests", "tests\lib-engine\lib-engine.vcxproj", "{8C0809F1-CE41-49D3-8286-062D673D887D}"
EndProject
Project("{8BC9CEB8-8B4A-11D0-8D11-00A0C91BC942}") = "lib-polymer-tests", "tests\lib-polymer\lib-polymer.vcxproj", "{83657EE1-DB40-43B8-AB73-905E1D091D15}"
EndProject
Project("{8BC9CEB8-8B4A-11D0-8D11-00A0C91BC942}") = "gl-simplex-noise", "samples\gl-simplex-noise\gl-simplex-noise.vcxproj", "{D64D5D28-40D4-4D22-8F91-621AA0A58774}"
EndProject
Project("{8BC9CEB8-8B4A-11D0-8D11-00A0C91BC942}") = "gl-octree-culling", "samples\gl-octree-culling\gl-octree-culling.vcxproj", "{05244336-1D7F-460D-A618-703AAD7A868B}"
EndProject
Project("{8BC9CEB8-8B4A-11D0-8D11-00A0C91BC942}") = "engine-scene", "samples\engine-scene\engine-scene.vcxproj", "{6A6930FE-F60E-4B0E-9122-232B73686BC8}"
EndProject
Project("{8BC9CEB8-8B4A-11D0-8D11-00A0C91BC942}") = "engine-openvr-scene", "samples\engine-openvr-scene\engine-openvr-scene.vcxproj", "{8935AE6A-79E7-421D-B215-C1DEEB35EBA3}"
EndProject
Project("{8BC9CEB8-8B4A-11D0-8D11-00A0C91BC942}") = "gl-debug-ui", "samples\gl-debug-ui\gl-debug-ui.vcxproj", "{075B006E-1567-4D04-B0BA-98FE9B7134E7}"
EndProject
Global
	GlobalSection(SolutionConfigurationPlatforms) = preSolution
		Debug|x64 = Debug|x64
		Release|x64 = Release|x64
	EndGlobalSection
	GlobalSection(ProjectConfigurationPlatforms) = postSolution
		{992E85A7-B590-477B-A1B2-8A04AAAD0E10}.Debug|x64.ActiveCfg = Debug|x64
		{992E85A7-B590-477B-A1B2-8A04AAAD0E10}.Debug|x64.Build.0 = Debug|x64
		{992E85A7-B590-477B-A1B2-8A04AAAD0E10}.Release|x64.ActiveCfg = Release|x64
		{992E85A7-B590-477B-A1B2-8A04AAAD0E10}.Release|x64.Build.0 = Release|x64
		{BE423E72-28C2-4FB7-9FE1-42AA2F393BBC}.Debug|x64.ActiveCfg = Debug|x64
		{BE423E72-28C2-4FB7-9FE1-42AA2F393BBC}.Debug|x64.Build.0 = Debug|x64
		{BE423E72-28C2-4FB7-9FE1-42AA2F393BBC}.Release|x64.ActiveCfg = Release|x64
		{BE423E72-28C2-4FB7-9FE1-42AA2F393BBC}.Release|x64.Build.0 = Release|x64
		{BDDB4BE8-092B-4C42-B39E-7EF79011403C}.Debug|x64.ActiveCfg = Debug|x64
		{BDDB4BE8-092B-4C42-B39E-7EF79011403C}.Debug|x64.Build.0 = Debug|x64
		{BDDB4BE8-092B-4C42-B39E-7EF79011403C}.Release|x64.ActiveCfg = Release|x64
		{BDDB4BE8-092B-4C42-B39E-7EF79011403C}.Release|x64.Build.0 = Release|x64
		{516363FB-3F0D-463F-9CE5-8B739253C9E3}.Debug|x64.ActiveCfg = Debug|x64
		{516363FB-3F0D-463F-9CE5-8B739253C9E3}.Debug|x64.Build.0 = Debug|x64
		{516363FB-3F0D-463F-9CE5-8B739253C9E3}.Release|x64.ActiveCfg = Release|x64
		{516363FB-3F0D-463F-9CE5-8B739253C9E3}.Release|x64.Build.0 = Release|x64
		{71F00A1A-C67D-4CB9-9F37-98D4975FA5C7}.Debug|x64.ActiveCfg = Debug|x64
		{71F00A1A-C67D-4CB9-9F37-98D4975FA5C7}.Debug|x64.Build.0 = Debug|x64
		{71F00A1A-C67D-4CB9-9F37-98D4975FA5C7}.Release|x64.ActiveCfg = Release|x64
		{71F00A1A-C67D-4CB9-9F37-98D4975FA5C7}.Release|x64.Build.0 = Release|x64
		{20F2353F-E1EE-4825-B1BC-F99446F24954}.Debug|x64.ActiveCfg = Debug|x64
		{20F2353F-E1EE-4825-B1BC-F99446F24954}.Debug|x64.Build.0 = Debug|x64
		{20F2353F-E1EE-4825-B1BC-F99446F24954}.Release|x64.ActiveCfg = Release|x64
		{20F2353F-E1EE-4825-B1BC-F99446F24954}.Release|x64.Build.0 = Release|x64
		{EFC8C9CF-5417-4D08-BCFD-7EEA59A2853E}.Debug|x64.ActiveCfg = Debug|x64
		{EFC8C9CF-5417-4D08-BCFD-7EEA59A2853E}.Debug|x64.Build.0 = Debug|x64
		{EFC8C9CF-5417-4D08-BCFD-7EEA59A2853E}.Release|x64.ActiveCfg = Release|x64
		{EFC8C9CF-5417-4D08-BCFD-7EEA59A2853E}.Release|x64.Build.0 = Release|x64
		{8C0809F1-CE41-49D3-8286-062D673D887D}.Debug|x64.ActiveCfg = Debug|x64
		{8C0809F1-CE41-49D3-8286-062D673D887D}.Debug|x64.Build.0 = Debug|x64
		{8C0809F1-CE41-49D3-8286-062D673D887D}.Release|x64.ActiveCfg = Release|x64
		{8C0809F1-CE41-49D3-8286-062D673D887D}.Release|x64.Build.0 = Release|x64
		{83657EE1-DB40-43B8-AB73-905E1D091D15}.Debug|x64.ActiveCfg = Debug|x64
		{83657EE1-DB40-43B8-AB73-905E1D091D15}.Debug|x64.Build.0 = Debug|x64
		{83657EE1-DB40-43B8-AB73-905E1D091D15}.Release|x64.ActiveCfg = Release|x64
		{83657EE1-DB40-43B8-AB73-905E1D091D15}.Release|x64.Build.0 = Release|x64
		{D64D5D28-40D4-4D22-8F91-621AA0A58774}.Debug|x64.ActiveCfg = Debug|x64
		{D64D5D28-40D4-4D22-8F91-621AA0A58774}.Debug|x64.Build.0 = Debug|x64
		{D64D5D28-40D4-4D22-8F91-621AA0A58774}.Release|x64.ActiveCfg = Release|x64
		{D64D5D28-40D4-4D22-8F91-621AA0A58774}.Release|x64.Build.0 = Release|x64
		{05244336-1D7F-460D-A618-703AAD7A868B}.Debug|x64.ActiveCfg = Debug|x64
		{05244336-1D7F-460D-A618-703AAD7A868B}.Debug|x64.Build.0 = Debug|x64
		{05244336-1D7F-460D-A618-703AAD7A868B}.Release|x64.ActiveCfg = Release|x64
		{05244336-1D7F-460D-A618-703AAD7A868B}.Release|x64.Build.0 = Release|x64
		{6A6930FE-F60E-4B0E-9122-232B73686BC8}.Debug|x64.ActiveCfg = Debug|x64
		{6A6930FE-F60E-4B0E-9122-232B73686BC8}.Debug|x64.Build.0 = Debug|x64
		{6A6930FE-F60E-4B0E-9122-232B73686BC8}.Release|x64.ActiveCfg = Release|x64
		{6A6930FE-F60E-4B0E-9122-232B73686BC8}.Release|x64.Build.0 = Release|x64
		{8935AE6A-79E7-421D-B215-C1DEEB35EBA3}.Debug|x64.ActiveCfg = Debug|x64
		{8935AE6A-79E7-421D-B215-C1DEEB35EBA3}.Debug|x64.Build.0 = Debug|x64
		{8935AE6A-79E7-421D-B215-C1DEEB35EBA3}.Release|x64.ActiveCfg = Release|x64
		{8935AE6A-79E7-421D-B215-C1DEEB35EBA3}.Release|x64.Build.0 = Release|x64
		{075B006E-1567-4D04-B0BA-98FE9B7134E7}.Debug|x64.ActiveCfg = Debug|x64
		{075B006E-1567-4D04-B0BA-98FE9B7134E7}.Debug|x64.Build.0 = Debug|x64
		{075B006E-1567-4D04-B0BA-98FE9B7134E7}.Release|x64.ActiveCfg = Release|x64
		{075B006E-1567-4D04-B0BA-98FE9B7134E7}.Release|x64.Build.0 = Release|x64
	EndGlobalSection
	GlobalSection(SolutionProperties) = preSolution
		HideSolutionNode = FALSE
	EndGlobalSection
	GlobalSection(NestedProjects) = preSolution
		{992E85A7-B590-477B-A1B2-8A04AAAD0E10} = {25969120-2DC7-47EA-827F-41616989B284}
		{BE423E72-28C2-4FB7-9FE1-42AA2F393BBC} = {25969120-2DC7-47EA-827F-41616989B284}
		{BDDB4BE8-092B-4C42-B39E-7EF79011403C} = {25969120-2DC7-47EA-827F-41616989B284}
		{516363FB-3F0D-463F-9CE5-8B739253C9E3} = {E4F5BE92-478B-4514-9F4C-1709C40EF65B}
		{71F00A1A-C67D-4CB9-9F37-98D4975FA5C7} = {25969120-2DC7-47EA-827F-41616989B284}
		{20F2353F-E1EE-4825-B1BC-F99446F24954} = {0B054E41-2F3E-4230-8488-B44C3643F315}
		{EFC8C9CF-5417-4D08-BCFD-7EEA59A2853E} = {0B054E41-2F3E-4230-8488-B44C3643F315}
		{8C0809F1-CE41-49D3-8286-062D673D887D} = {A7EC5760-E80E-4DA8-BB5F-D0012CCDE6FE}
		{83657EE1-DB40-43B8-AB73-905E1D091D15} = {A7EC5760-E80E-4DA8-BB5F-D0012CCDE6FE}
		{D64D5D28-40D4-4D22-8F91-621AA0A58774} = {0B054E41-2F3E-4230-8488-B44C3643F315}
		{05244336-1D7F-460D-A618-703AAD7A868B} = {0B054E41-2F3E-4230-8488-B44C3643F315}
		{6A6930FE-F60E-4B0E-9122-232B73686BC8} = {0B054E41-2F3E-4230-8488-B44C3643F315}
		{8935AE6A-79E7-421D-B215-C1DEEB35EBA3} = {0B054E41-2F3E-4230-8488-B44C3643F315}
		{075B006E-1567-4D04-B0BA-98FE9B7134E7} = {0B054E41-2F3E-4230-8488-B44C3643F315}
	EndGlobalSection
	GlobalSection(ExtensibilityGlobals) = postSolution
		SolutionGuid = {E2D0793D-BD41-4F42-A6AA-DAB3D17A46BE}
	EndGlobalSection
EndGlobal
