
Microsoft Visual Studio Solution File, Format Version 12.00
# Visual Studio 15
VisualStudioVersion = 15.0.27130.0
MinimumVisualStudioVersion = 10.0.40219.1
Project("{8BC9CEB8-8B4A-11D0-8D11-00A0C91BC942}") = "lib-polymer", "lib-polymer\lib-polymer.vcxproj", "{992E85A7-B590-477B-A1B2-8A04AAAD0E10}"
	ProjectSection(ProjectDependencies) = postProject
		{BE423E72-28C2-4FB7-9FE1-42AA2F393BBC} = {BE423E72-28C2-4FB7-9FE1-42AA2F393BBC}
	EndProjectSection
EndProject
Project("{8BC9CEB8-8B4A-11D0-8D11-00A0C91BC942}") = "glfw3", "third_party\glfw3\glfw3.vcxproj", "{BE423E72-28C2-4FB7-9FE1-42AA2F393BBC}"
EndProject
Project("{8BC9CEB8-8B4A-11D0-8D11-00A0C91BC942}") = "lib-model-io", "lib-model-io\lib-model-io.vcxproj", "{BDDB4BE8-092B-4C42-B39E-7EF79011403C}"
EndProject
Project("{2150E333-8FDC-42A3-9474-1A3956D46DE8}") = "libraries", "libraries", "{25969120-2DC7-47EA-827F-41616989B284}"
EndProject
Project("{2150E333-8FDC-42A3-9474-1A3956D46DE8}") = "apps", "apps", "{E4F5BE92-478B-4514-9F4C-1709C40EF65B}"
EndProject
Project("{8BC9CEB8-8B4A-11D0-8D11-00A0C91BC942}") = "scene-editor", "app-editor\scene-editor.vcxproj", "{516363FB-3F0D-463F-9CE5-8B739253C9E3}"
EndProject
Project("{8BC9CEB8-8B4A-11D0-8D11-00A0C91BC942}") = "lib-engine", "lib-engine\lib-engine.vcxproj", "{71F00A1A-C67D-4CB9-9F37-98D4975FA5C7}"
EndProject
Project("{2150E333-8FDC-42A3-9474-1A3956D46DE8}") = "samples", "samples", "{0B054E41-2F3E-4230-8488-B44C3643F315}"
EndProject
Project("{8BC9CEB8-8B4A-11D0-8D11-00A0C91BC942}") = "gl-render", "samples\gl-render\gl-render.vcxproj", "{20F2353F-E1EE-4825-B1BC-F99446F24954}"
EndProject
Project("{8BC9CEB8-8B4A-11D0-8D11-00A0C91BC942}") = "gl-render-offscreen", "samples\gl-render-offscreen\gl-render-offscreen.vcxproj", "{EFC8C9CF-5417-4D08-BCFD-7EEA59A2853E}"
EndProject
Project("{2150E333-8FDC-42A3-9474-1A3956D46DE8}") = "tests", "tests", "{A7EC5760-E80E-4DA8-BB5F-D0012CCDE6FE}"
EndProject
Project("{8BC9CEB8-8B4A-11D0-8D11-00A0C91BC942}") = "lib-engine-tests", "tests\lib-engine\lib-engine.vcxproj", "{8C0809F1-CE41-49D3-8286-062D673D887D}"
EndProject
Project("{8BC9CEB8-8B4A-11D0-8D11-00A0C91BC942}") = "lib-polymer-tests", "tests\lib-polymer\lib-polymer.vcxproj", "{83657EE1-DB40-43B8-AB73-905E1D091D15}"
EndProject
Project("{8BC9CEB8-8B4A-11D0-8D11-00A0C91BC942}") = "gl-simplex-noise", "samples\gl-simplex-noise\gl-simplex-noise.vcxproj", "{D64D5D28-40D4-4D22-8F91-621AA0A58774}"
EndProject
Project("{8BC9CEB8-8B4A-11D0-8D11-00A0C91BC942}") = "gl-octree-culling", "samples\gl-octree-culling\gl-octree-culling.vcxproj", "{05244336-1D7F-460D-A618-703AAD7A868B}"
EndProject
Project("{8BC9CEB8-8B4A-11D0-8D11-00A0C91BC942}") = "gl-debug-ui", "samples\gl-debug-ui\gl-debug-ui.vcxproj", "{075B006E-1567-4D04-B0BA-98FE9B7134E7}"
EndProject
Project("{8BC9CEB8-8B4A-11D0-8D11-00A0C91BC942}") = "gl-particles-hull", "samples\gl-particles-hull\gl-particles-hull.vcxproj", "{A8D05388-ADE2-4C6A-A5E5-A83F34616325}"
EndProject
Project("{8BC9CEB8-8B4A-11D0-8D11-00A0C91BC942}") = "gl-camera-trajectory", "samples\gl-camera-trajectory\gl-camera-trajectory.vcxproj", "{8CA04023-9EA3-4AF0-89EF-C0E6568E377E}"
EndProject
Project("{8BC9CEB8-8B4A-11D0-8D11-00A0C91BC942}") = "bullet3", "third_party\bullet3\bullet3.vcxproj", "{915353E9-42AC-4EA0-92C8-9FBB0E8E747A}"
EndProject
Project("{8BC9CEB8-8B4A-11D0-8D11-00A0C91BC942}") = "rhi-render", "samples\rhi-render\rhi-render.vcxproj", "{CD22CB80-729E-45C0-8FE4-065EADE463AA}"
EndProject
Project("{8BC9CEB8-8B4A-11D0-8D11-00A0C91BC942}") = "gl-bvh", "samples\gl-bvh\gl-bvh.vcxproj", "{3A3D9E39-B36D-461B-A579-E3A8C6B49D89}"
EndProject
Project("{8BC9CEB8-8B4A-11D0-8D11-00A0C91BC942}") = "gl-spline-2d", "samples\gl-spline-2d\gl-spline-2d.vcxproj", "{4BD1E2E8-2417-44E7-B75D-78EB475DF2B6}"
EndProject
Project("{8BC9CEB8-8B4A-11D0-8D11-00A0C91BC942}") = "engine-procedural-material", "samples\engine-procedural-material\engine-procedural-material.vcxproj", "{77B7CE8A-8666-44CF-8C23-3512E4C918DC}"
EndProject
Project("{8BC9CEB8-8B4A-11D0-8D11-00A0C91BC942}") = "engine-procedural-scene", "samples\engine-procedural-scene\engine-procedural-scene.vcxproj", "{6A6930FE-F60E-4B0E-9122-232B73686BC8}"
EndProject
Project("{8BC9CEB8-8B4A-11D0-8D11-00A0C91BC942}") = "engine-vr-sandbox", "samples\engine-vr-scene\engine-vr-sandbox.vcxproj", "{8935AE6A-79E7-421D-B215-C1DEEB35EBA3}"
EndProject
Project("{8BC9CEB8-8B4A-11D0-8D11-00A0C91BC942}") = "engine-performance", "samples\engine-performance\engine-performance.vcxproj", "{12628B4B-9C5C-4453-9745-E5FB26D2DF44}"
EndProject
Project("{8BC9CEB8-8B4A-11D0-8D11-00A0C91BC942}") = "gl-obb", "samples\gl-obb\gl-obb.vcxproj", "{BB5A2189-E348-4B7B-B642-489D8F36A00A}"
EndProject
Global
	GlobalSection(SolutionConfigurationPlatforms) = preSolution
		Debug|x64 = Debug|x64
		Release|x64 = Release|x64
	EndGlobalSection
	GlobalSection(ProjectConfigurationPlatforms) = postSolution
		{992E85A7-B590-477B-A1B2-8A04AAAD0E10}.Debug|x64.ActiveCfg = Debug|x64
		{992E85A7-B590-477B-A1B2-8A04AAAD0E10}.Debug|x64.Build.0 = Debug|x64
		{992E85A7-B590-477B-A1B2-8A04AAAD0E10}.Release|x64.ActiveCfg = Release|x64
		{992E85A7-B590-477B-A1B2-8A04AAAD0E10}.Release|x64.Build.0 = Release|x64
		{BE423E72-28C2-4FB7-9FE1-42AA2F393BBC}.Debug|x64.ActiveCfg = Debug|x64
		{BE423E72-28C2-4FB7-9FE1-42AA2F393BBC}.Debug|x64.Build.0 = Debug|x64
		{BE423E72-28C2-4FB7-9FE1-42AA2F393BBC}.Release|x64.ActiveCfg = Release|x64
		{BE423E72-28C2-4FB7-9FE1-42AA2F393BBC}.Release|x64.Build.0 = Release|x64
		{BDDB4BE8-092B-4C42-B39E-7EF79011403C}.Debug|x64.ActiveCfg = Debug|x64
		{BDDB4BE8-092B-4C42-B39E-7EF79011403C}.Debug|x64.Build.0 = Debug|x64
		{BDDB4BE8-092B-4C42-B39E-7EF79011403C}.Release|x64.ActiveCfg = Release|x64
		{BDDB4BE8-092B-4C42-B39E-7EF79011403C}.Release|x64.Build.0 = Release|x64
		{516363FB-3F0D-463F-9CE5-8B739253C9E3}.Debug|x64.ActiveCfg = Debug|x64
		{516363FB-3F0D-463F-9CE5-8B739253C9E3}.Debug|x64.Build.0 = Debug|x64
		{516363FB-3F0D-463F-9CE5-8B739253C9E3}.Release|x64.ActiveCfg = Release|x64
		{516363FB-3F0D-463F-9CE5-8B739253C9E3}.Release|x64.Build.0 = Release|x64
		{71F00A1A-C67D-4CB9-9F37-98D4975FA5C7}.Debug|x64.ActiveCfg = Debug|x64
		{71F00A1A-C67D-4CB9-9F37-98D4975FA5C7}.Debug|x64.Build.0 = Debug|x64
		{71F00A1A-C67D-4CB9-9F37-98D4975FA5C7}.Release|x64.ActiveCfg = Release|x64
		{71F00A1A-C67D-4CB9-9F37-98D4975FA5C7}.Release|x64.Build.0 = Release|x64
		{20F2353F-E1EE-4825-B1BC-F99446F24954}.Debug|x64.ActiveCfg = Debug|x64
		{20F2353F-E1EE-4825-B1BC-F99446F24954}.Debug|x64.Build.0 = Debug|x64
		{20F2353F-E1EE-4825-B1BC-F99446F24954}.Release|x64.ActiveCfg = Release|x64
		{20F2353F-E1EE-4825-B1BC-F99446F24954}.Release|x64.Build.0 = Release|x64
		{EFC8C9CF-5417-4D08-BCFD-7EEA59A2853E}.Debug|x64.ActiveCfg = Debug|x64
		{EFC8C9CF-5417-4D08-BCFD-7EEA59A2853E}.Debug|x64.Build.0 = Debug|x64
		{EFC8C9CF-5417-4D08-BCFD-7EEA59A2853E}.Release|x64.ActiveCfg = Release|x64
		{EFC8C9CF-5417-4D08-BCFD-7EEA59A2853E}.Release|x64.Build.0 = Release|x64
		{8C0809F1-CE41-49D3-8286-062D673D887D}.Debug|x64.ActiveCfg = Debug|x64
		{8C0809F1-CE41-49D3-8286-062D673D887D}.Debug|x64.Build.0 = Debug|x64
		{8C0809F1-CE41-49D3-8286-062D673D887D}.Release|x64.ActiveCfg = Release|x64
		{8C0809F1-CE41-49D3-8286-062D673D887D}.Release|x64.Build.0 = Release|x64
		{83657EE1-DB40-43B8-AB73-905E1D091D15}.Debug|x64.ActiveCfg = Debug|x64
		{83657EE1-DB40-43B8-AB73-905E1D091D15}.Debug|x64.Build.0 = Debug|x64
		{83657EE1-DB40-43B8-AB73-905E1D091D15}.Release|x64.ActiveCfg = Release|x64
		{83657EE1-DB40-43B8-AB73-905E1D091D15}.Release|x64.Build.0 = Release|x64
		{D64D5D28-40D4-4D22-8F91-621AA0A58774}.Debug|x64.ActiveCfg = Debug|x64
		{D64D5D28-40D4-4D22-8F91-621AA0A58774}.Debug|x64.Build.0 = Debug|x64
		{D64D5D28-40D4-4D22-8F91-621AA0A58774}.Release|x64.ActiveCfg = Release|x64
		{D64D5D28-40D4-4D22-8F91-621AA0A58774}.Release|x64.Build.0 = Release|x64
		{05244336-1D7F-460D-A618-703AAD7A868B}.Debug|x64.ActiveCfg = Debug|x64
		{05244336-1D7F-460D-A618-703AAD7A868B}.Debug|x64.Build.0 = Debug|x64
		{05244336-1D7F-460D-A618-703AAD7A868B}.Release|x64.ActiveCfg = Release|x64
		{05244336-1D7F-460D-A618-703AAD7A868B}.Release|x64.Build.0 = Release|x64
		{075B006E-1567-4D04-B0BA-98FE9B7134E7}.Debug|x64.ActiveCfg = Debug|x64
		{075B006E-1567-4D04-B0BA-98FE9B7134E7}.Debug|x64.Build.0 = Debug|x64
		{075B006E-1567-4D04-B0BA-98FE9B7134E7}.Release|x64.ActiveCfg = Release|x64
		{075B006E-1567-4D04-B0BA-98FE9B7134E7}.Release|x64.Build.0 = Release|x64
		{A8D05388-ADE2-4C6A-A5E5-A83F34616325}.Debug|x64.ActiveCfg = Debug|x64
		{A8D05388-ADE2-4C6A-A5E5-A83F34616325}.Debug|x64.Build.0 = Debug|x64
		{A8D05388-ADE2-4C6A-A5E5-A83F34616325}.Release|x64.ActiveCfg = Release|x64
		{A8D05388-ADE2-4C6A-A5E5-A83F34616325}.Release|x64.Build.0 = Release|x64
		{8CA04023-9EA3-4AF0-89EF-C0E6568E377E}.Debug|x64.ActiveCfg = Debug|x64
		{8CA04023-9EA3-4AF0-89EF-C0E6568E377E}.Debug|x64.Build.0 = Debug|x64
		{8CA04023-9EA3-4AF0-89EF-C0E6568E377E}.Release|x64.ActiveCfg = Release|x64
		{8CA04023-9EA3-4AF0-89EF-C0E6568E377E}.Release|x64.Build.0 = Release|x64
		{915353E9-42AC-4EA0-92C8-9FBB0E8E747A}.Debug|x64.ActiveCfg = Debug|x64
		{915353E9-42AC-4EA0-92C8-9FBB0E8E747A}.Debug|x64.Build.0 = Debug|x64
		{915353E9-42AC-4EA0-92C8-9FBB0E8E747A}.Release|x64.ActiveCfg = Release|x64
		{915353E9-42AC-4EA0-92C8-9FBB0E8E747A}.Release|x64.Build.0 = Release|x64
		{CD22CB80-729E-45C0-8FE4-065EADE463AA}.Debug|x64.ActiveCfg = Debug|x64
		{CD22CB80-729E-45C0-8FE4-065EADE463AA}.Debug|x64.Build.0 = Debug|x64
		{CD22CB80-729E-45C0-8FE4-065EADE463AA}.Release|x64.ActiveCfg = Release|x64
		{CD22CB80-729E-45C0-8FE4-065EADE463AA}.Release|x64.Build.0 = Release|x64
		{3A3D9E39-B36D-461B-A579-E3A8C6B49D89}.Debug|x64.ActiveCfg = Debug|x64
		{3A3D9E39-B36D-461B-A579-E3A8C6B49D89}.Debug|x64.Build.0 = Debug|x64
		{3A3D9E39-B36D-461B-A579-E3A8C6B49D89}.Release|x64.ActiveCfg = Release|x64
		{3A3D9E39-B36D-461B-A579-E3A8C6B49D89}.Release|x64.Build.0 = Release|x64
		{4BD1E2E8-2417-44E7-B75D-78EB475DF2B6}.Debug|x64.ActiveCfg = Debug|x64
		{4BD1E2E8-2417-44E7-B75D-78EB475DF2B6}.Debug|x64.Build.0 = Debug|x64
		{4BD1E2E8-2417-44E7-B75D-78EB475DF2B6}.Release|x64.ActiveCfg = Release|x64
		{4BD1E2E8-2417-44E7-B75D-78EB475DF2B6}.Release|x64.Build.0 = Release|x64
		{77B7CE8A-8666-44CF-8C23-3512E4C918DC}.Debug|x64.ActiveCfg = Debug|x64
		{77B7CE8A-8666-44CF-8C23-3512E4C918DC}.Debug|x64.Build.0 = Debug|x64
		{77B7CE8A-8666-44CF-8C23-3512E4C918DC}.Release|x64.ActiveCfg = Release|x64
		{77B7CE8A-8666-44CF-8C23-3512E4C918DC}.Release|x64.Build.0 = Release|x64
		{6A6930FE-F60E-4B0E-9122-232B73686BC8}.Debug|x64.ActiveCfg = Debug|x64
		{6A6930FE-F60E-4B0E-9122-232B73686BC8}.Debug|x64.Build.0 = Debug|x64
		{6A6930FE-F60E-4B0E-9122-232B73686BC8}.Release|x64.ActiveCfg = Release|x64
		{6A6930FE-F60E-4B0E-9122-232B73686BC8}.Release|x64.Build.0 = Release|x64
		{8935AE6A-79E7-421D-B215-C1DEEB35EBA3}.Debug|x64.ActiveCfg = Debug|x64
		{8935AE6A-79E7-421D-B215-C1DEEB35EBA3}.Debug|x64.Build.0 = Debug|x64
		{8935AE6A-79E7-421D-B215-C1DEEB35EBA3}.Release|x64.ActiveCfg = Release|x64
		{8935AE6A-79E7-421D-B215-C1DEEB35EBA3}.Release|x64.Build.0 = Release|x64
		{12628B4B-9C5C-4453-9745-E5FB26D2DF44}.Debug|x64.ActiveCfg = Debug|x64
		{12628B4B-9C5C-4453-9745-E5FB26D2DF44}.Debug|x64.Build.0 = Debug|x64
		{12628B4B-9C5C-4453-9745-E5FB26D2DF44}.Release|x64.ActiveCfg = Release|x64
		{12628B4B-9C5C-4453-9745-E5FB26D2DF44}.Release|x64.Build.0 = Release|x64
		{BB5A2189-E348-4B7B-B642-489D8F36A00A}.Debug|x64.ActiveCfg = Debug|x64
		{BB5A2189-E348-4B7B-B642-489D8F36A00A}.Debug|x64.Build.0 = Debug|x64
		{BB5A2189-E348-4B7B-B642-489D8F36A00A}.Release|x64.ActiveCfg = Release|x64
		{BB5A2189-E348-4B7B-B642-489D8F36A00A}.Release|x64.Build.0 = Release|x64
	EndGlobalSection
	GlobalSection(SolutionProperties) = preSolution
		HideSolutionNode = FALSE
	EndGlobalSection
	GlobalSection(NestedProjects) = preSolution
		{992E85A7-B590-477B-A1B2-8A04AAAD0E10} = {25969120-2DC7-47EA-827F-41616989B284}
		{BE423E72-28C2-4FB7-9FE1-42AA2F393BBC} = {25969120-2DC7-47EA-827F-41616989B284}
		{BDDB4BE8-092B-4C42-B39E-7EF79011403C} = {25969120-2DC7-47EA-827F-41616989B284}
		{516363FB-3F0D-463F-9CE5-8B739253C9E3} = {E4F5BE92-478B-4514-9F4C-1709C40EF65B}
		{71F00A1A-C67D-4CB9-9F37-98D4975FA5C7} = {25969120-2DC7-47EA-827F-41616989B284}
		{20F2353F-E1EE-4825-B1BC-F99446F24954} = {0B054E41-2F3E-4230-8488-B44C3643F315}
		{EFC8C9CF-5417-4D08-BCFD-7EEA59A2853E} = {0B054E41-2F3E-4230-8488-B44C3643F315}
		{8C0809F1-CE41-49D3-8286-062D673D887D} = {A7EC5760-E80E-4DA8-BB5F-D0012CCDE6FE}
		{83657EE1-DB40-43B8-AB73-905E1D091D15} = {A7EC5760-E80E-4DA8-BB5F-D0012CCDE6FE}
		{D64D5D28-40D4-4D22-8F91-621AA0A58774} = {0B054E41-2F3E-4230-8488-B44C3643F315}
		{05244336-1D7F-460D-A618-703AAD7A868B} = {0B054E41-2F3E-4230-8488-B44C3643F315}
		{075B006E-1567-4D04-B0BA-98FE9B7134E7} = {0B054E41-2F3E-4230-8488-B44C3643F315}
		{A8D05388-ADE2-4C6A-A5E5-A83F34616325} = {0B054E41-2F3E-4230-8488-B44C3643F315}
		{8CA04023-9EA3-4AF0-89EF-C0E6568E377E} = {0B054E41-2F3E-4230-8488-B44C3643F315}
		{915353E9-42AC-4EA0-92C8-9FBB0E8E747A} = {25969120-2DC7-47EA-827F-41616989B284}
		{CD22CB80-729E-45C0-8FE4-065EADE463AA} = {0B054E41-2F3E-4230-8488-B44C3643F315}
		{3A3D9E39-B36D-461B-A579-E3A8C6B49D89} = {0B054E41-2F3E-4230-8488-B44C3643F315}
		{4BD1E2E8-2417-44E7-B75D-78EB475DF2B6} = {0B054E41-2F3E-4230-8488-B44C3643F315}
		{77B7CE8A-8666-44CF-8C23-3512E4C918DC} = {0B054E41-2F3E-4230-8488-B44C3643F315}
		{6A6930FE-F60E-4B0E-9122-232B73686BC8} = {0B054E41-2F3E-4230-8488-B44C3643F315}
		{8935AE6A-79E7-421D-B215-C1DEEB35EBA3} = {0B054E41-2F3E-4230-8488-B44C3643F315}
		{12628B4B-9C5C-4453-9745-E5FB26D2DF44} = {0B054E41-2F3E-4230-8488-B44C3643F315}
		{BB5A2189-E348-4B7B-B642-489D8F36A00A} = {0B054E41-2F3E-4230-8488-B44C3643F315}
	EndGlobalSection
	GlobalSection(ExtensibilityGlobals) = postSolution
		SolutionGuid = {E2D0793D-BD41-4F42-A6AA-DAB3D17A46BE}
	EndGlobalSection
EndGlobal
