<?xml version="1.0" encoding="utf-8"?>
<Project ToolsVersion="4.0" xmlns="http://schemas.microsoft.com/developer/msbuild/2003">
  <ItemGroup>
    <ClCompile Include="editor-app.cpp" />
    <ClCompile Include="win32.cpp" />
  </ItemGroup>
  <ItemGroup>
    <ClInclude Include="editor-app.hpp" />
    <ClInclude Include="win32.hpp" />
    <ClInclude Include="editor-ui.hpp" />
  </ItemGroup>
</Project>