<?xml version="1.0" encoding="utf-8"?>
<Project ToolsVersion="4.0" xmlns="http://schemas.microsoft.com/developer/msbuild/2003">
  <ItemGroup>
    <ClCompile Include="fbx-importer.cpp" />
    <ClCompile Include="model-io.cpp" />
    <ClCompile Include="third-party\tinyobj\tiny_obj_loader.cc">
      <Filter>third-party</Filter>
    </ClCompile>
    <ClCompile Include="third-party\tinyply\tinyply.cpp">
      <Filter>third-party</Filter>
    </ClCompile>
    <ClCompile Include="third-party\meshoptimizer\stripifier.cpp">
      <Filter>third-party\mesh-optimizer</Filter>
    </ClCompile>
    <ClCompile Include="third-party\meshoptimizer\vcacheanalyzer.cpp">
      <Filter>third-party\mesh-optimizer</Filter>
    </ClCompile>
    <ClCompile Include="third-party\meshoptimizer\vcacheoptimizer.cpp">
      <Filter>third-party\mesh-optimizer</Filter>
    </ClCompile>
    <ClCompile Include="third-party\meshoptimizer\vertexcodec.cpp">
      <Filter>third-party\mesh-optimizer</Filter>
    </ClCompile>
    <ClCompile Include="third-party\meshoptimizer\vfetchanalyzer.cpp">
      <Filter>third-party\mesh-optimizer</Filter>
    </ClCompile>
    <ClCompile Include="third-party\meshoptimizer\vfetchoptimizer.cpp">
      <Filter>third-party\mesh-optimizer</Filter>
    </ClCompile>
    <ClCompile Include="third-party\meshoptimizer\indexcodec.cpp">
      <Filter>third-party\mesh-optimizer</Filter>
    </ClCompile>
    <ClCompile Include="third-party\meshoptimizer\indexgenerator.cpp">
      <Filter>third-party\mesh-optimizer</Filter>
    </ClCompile>
    <ClCompile Include="third-party\meshoptimizer\overdrawanalyzer.cpp">
      <Filter>third-party\mesh-optimizer</Filter>
    </ClCompile>
    <ClCompile Include="third-party\meshoptimizer\overdrawoptimizer.cpp">
      <Filter>third-party\mesh-optimizer</Filter>
    </ClCompile>
    <ClCompile Include="third-party\meshoptimizer\simplifier.cpp">
      <Filter>third-party\mesh-optimizer</Filter>
    </ClCompile>
  </ItemGroup>
  <ItemGroup>
    <ClInclude Include="fbx-importer.hpp" />
    <ClInclude Include="model-io-util.hpp" />
    <ClInclude Include="model-io.hpp" />
    <ClInclude Include="third-party\tinyobj\tiny_obj_loader.h">
      <Filter>third-party</Filter>
    </ClInclude>
    <ClInclude Include="third-party\tinyply\tinyply.h">
      <Filter>third-party</Filter>
    </ClInclude>
    <ClInclude Include="third-party\meshoptimizer\meshoptimizer.h">
      <Filter>third-party\mesh-optimizer</Filter>
    </ClInclude>
  </ItemGroup>
  <ItemGroup>
    <Filter Include="third-party">
      <UniqueIdentifier>{c7ac32ae-d8c1-43b7-8ab5-362016cdf095}</UniqueIdentifier>
    </Filter>
    <Filter Include="third-party\mesh-optimizer">
      <UniqueIdentifier>{359fee2f-af72-4354-957e-bdc9ddb5626d}</UniqueIdentifier>
    </Filter>
  </ItemGroup>
</Project>