<?xml version="1.0" encoding="utf-8"?>
<Project ToolsVersion="4.0" xmlns="http://schemas.microsoft.com/developer/msbuild/2003">
  <ItemGroup>
    <ClCompile Include="gfx\gl\glfw-app.cpp">
      <Filter>gfx\gl</Filter>
    </ClCompile>
    <ClCompile Include="gfx\gl\gl-imgui.cpp">
      <Filter>gfx\gl</Filter>
    </ClCompile>
    <ClCompile Include="gfx\gl\gl-nvg.cpp">
      <Filter>gfx\gl</Filter>
    </ClCompile>
    <ClCompile Include="material.cpp">
      <Filter>assets</Filter>
    </ClCompile>
    <ClCompile Include="material-library.cpp">
      <Filter>assets</Filter>
    </ClCompile>
    <ClCompile Include="shader.cpp">
      <Filter>assets</Filter>
    </ClCompile>
    <ClCompile Include="shader-library.cpp">
      <Filter>assets</Filter>
    </ClCompile>
    <ClCompile Include="ecs\core-events.cpp">
      <Filter>ecs</Filter>
    </ClCompile>
    <ClCompile Include="openvr-hmd.cpp" />
    <ClCompile Include="openvr-camera.cpp" />
    <ClCompile Include="environment.cpp" />
    <ClCompile Include="renderer-pbr.cpp" />
    <ClCompile Include="..\third_party\tinyexr\tinyexr.cc">
      <Filter>third-party\tinyexr</Filter>
    </ClCompile>
    <ClCompile Include="..\third_party\nanovg\nanovg.c">
      <Filter>third-party\nanovg</Filter>
    </ClCompile>
    <ClCompile Include="..\third_party\imgui\imgui.cpp">
      <Filter>third-party\imgui</Filter>
    </ClCompile>
    <ClCompile Include="..\third_party\imgui\imgui_draw.cpp">
      <Filter>third-party\imgui</Filter>
    </ClCompile>
    <ClCompile Include="..\third_party\tinygizmo\tiny-gizmo.cpp">
      <Filter>third-party\tinygizmo</Filter>
    </ClCompile>
    <ClCompile Include="xr-interaction.cpp" />
    <ClCompile Include="hmd-base.cpp" />
  </ItemGroup>
  <ItemGroup>
    <ClInclude Include="gfx\gl\gl-api.hpp">
      <Filter>gfx\gl</Filter>
    </ClInclude>
    <ClInclude Include="gfx\gl\gl-async-gpu-timer.hpp">
      <Filter>gfx\gl</Filter>
    </ClInclude>
    <ClInclude Include="gfx\gl\gl-camera.hpp">
      <Filter>gfx\gl</Filter>
    </ClInclude>
    <ClInclude Include="gfx\gl\glfw-app.hpp">
      <Filter>gfx\gl</Filter>
    </ClInclude>
    <ClInclude Include="gfx\gl\gl-gizmo.hpp">
      <Filter>gfx\gl</Filter>
    </ClInclude>
    <ClInclude Include="gfx\gl\gl-imgui.hpp">
      <Filter>gfx\gl</Filter>
    </ClInclude>
    <ClInclude Include="gfx\gl\gl-loaders.hpp">
      <Filter>gfx\gl</Filter>
    </ClInclude>
    <ClInclude Include="gfx\gl\gl-nvg.hpp">
      <Filter>gfx\gl</Filter>
    </ClInclude>
    <ClInclude Include="gfx\gl\gl-procedural-mesh.hpp">
      <Filter>gfx\gl</Filter>
    </ClInclude>
    <ClInclude Include="gfx\gl\gl-procedural-sky.hpp">
      <Filter>gfx\gl</Filter>
    </ClInclude>
    <ClInclude Include="gfx\gl\gl-renderable-grid.hpp">
      <Filter>gfx\gl</Filter>
    </ClInclude>
    <ClInclude Include="gfx\gl\gl-renderable-meshline.hpp">
      <Filter>gfx\gl</Filter>
    </ClInclude>
    <ClInclude Include="gfx\gl\gl-texture-view.hpp">
      <Filter>gfx\gl</Filter>
    </ClInclude>
    <ClInclude Include="asset-handle.hpp">
      <Filter>assets</Filter>
    </ClInclude>
    <ClInclude Include="asset-handle-utils.hpp">
      <Filter>assets</Filter>
    </ClInclude>
    <ClInclude Include="material.hpp">
      <Filter>assets</Filter>
    </ClInclude>
    <ClInclude Include="material-library.hpp">
      <Filter>assets</Filter>
    </ClInclude>
    <ClInclude Include="shader.hpp">
      <Filter>assets</Filter>
    </ClInclude>
    <ClInclude Include="shader-library.hpp">
      <Filter>assets</Filter>
    </ClInclude>
    <ClInclude Include="logging.hpp" />
    <ClInclude Include="profiling.hpp" />
    <ClInclude Include="uniforms.hpp" />
    <ClInclude Include="asset-resolver.hpp">
      <Filter>assets</Filter>
    </ClInclude>
    <ClInclude Include="ecs\component-pool.hpp">
      <Filter>ecs</Filter>
    </ClInclude>
    <ClInclude Include="ecs\core-ecs.hpp">
      <Filter>ecs</Filter>
    </ClInclude>
    <ClInclude Include="ecs\typeid.hpp">
      <Filter>ecs</Filter>
    </ClInclude>
    <ClInclude Include="ecs\core-events.hpp">
      <Filter>ecs</Filter>
    </ClInclude>
    <ClInclude Include="bullet_engine.hpp">
      <Filter>physics</Filter>
    </ClInclude>
    <ClInclude Include="bullet_object.hpp">
      <Filter>physics</Filter>
    </ClInclude>
    <ClInclude Include="bullet_utils.hpp">
      <Filter>physics</Filter>
    </ClInclude>
    <ClInclude Include="openvr-hmd.hpp" />
    <ClInclude Include="openvr-camera.hpp" />
    <ClInclude Include="bullet_visualizer.hpp">
      <Filter>physics</Filter>
    </ClInclude>
    <ClInclude Include="gfx\gl\gl-mesh-util.hpp">
      <Filter>gfx\gl</Filter>
    </ClInclude>
    <ClInclude Include="system-transform.hpp" />
    <ClInclude Include="environment.hpp" />
    <ClInclude Include="system-identifier.hpp" />
    <ClInclude Include="system-collision.hpp" />
    <ClInclude Include="system-util.hpp" />
    <ClInclude Include="renderer-pbr.hpp" />
    <ClInclude Include="renderer-debug.hpp" />
    <ClInclude Include="system-render.hpp" />
    <ClInclude Include="lib-engine.hpp" />
    <ClInclude Include="renderer-util.hpp" />
    <ClInclude Include="serialization.hpp">
      <Filter>assets</Filter>
    </ClInclude>
    <ClInclude Include="asset-import.hpp" />
    <ClInclude Include="..\third_party\tinyexr\tinyexr.h">
      <Filter>third-party\tinyexr</Filter>
    </ClInclude>
    <ClInclude Include="..\third_party\nanovg\fontstash.h">
      <Filter>third-party\nanovg</Filter>
    </ClInclude>
    <ClInclude Include="..\third_party\nanovg\nanovg.h">
      <Filter>third-party\nanovg</Filter>
    </ClInclude>
    <ClInclude Include="..\third_party\nanovg\nanovg_gl.h">
      <Filter>third-party\nanovg</Filter>
    </ClInclude>
    <ClInclude Include="..\third_party\nanovg\nanovg_gl_utils.h">
      <Filter>third-party\nanovg</Filter>
    </ClInclude>
    <ClInclude Include="..\third_party\imgui\imconfig.h">
      <Filter>third-party\imgui</Filter>
    </ClInclude>
    <ClInclude Include="..\third_party\imgui\imgui.h">
      <Filter>third-party\imgui</Filter>
    </ClInclude>
    <ClInclude Include="..\third_party\imgui\imgui_internal.h">
      <Filter>third-party\imgui</Filter>
    </ClInclude>
    <ClInclude Include="..\third_party\tinygizmo\tiny-gizmo.hpp">
      <Filter>third-party\tinygizmo</Filter>
    </ClInclude>
    <ClInclude Include="xr-interaction.hpp" />
    <ClInclude Include="ui-actions.hpp" />
    <ClInclude Include="hmd-base.hpp" />
  </ItemGroup>
  <ItemGroup>
    <Filter Include="gfx">
      <UniqueIdentifier>{a82ad854-e988-4334-a62f-dc832c053c15}</UniqueIdentifier>
    </Filter>
    <Filter Include="gfx\gl">
      <UniqueIdentifier>{cc4e37ef-4ac0-47f3-adcd-a38cf9cd4708}</UniqueIdentifier>
    </Filter>
    <Filter Include="assets">
      <UniqueIdentifier>{ceb9746b-b2d8-4e85-9c06-eb2a3215d6c6}</UniqueIdentifier>
    </Filter>
    <Filter Include="ecs">
      <UniqueIdentifier>{1f908e1e-1d87-4d1f-9cc8-7f23351e27a5}</UniqueIdentifier>
    </Filter>
    <Filter Include="physics">
      <UniqueIdentifier>{7ea9b95d-e9dc-4a77-93ce-1a08164dbf2c}</UniqueIdentifier>
    </Filter>
    <Filter Include="third-party">
      <UniqueIdentifier>{369758e3-eaae-4f70-ac64-cc927df5ba3e}</UniqueIdentifier>
    </Filter>
    <Filter Include="third-party\imgui">
      <UniqueIdentifier>{a9d0c63f-c4ad-47ad-80fd-442ed184b503}</UniqueIdentifier>
    </Filter>
    <Filter Include="third-party\nanovg">
      <UniqueIdentifier>{0f9e79a8-8e77-4718-8dd4-0403ebb9f3aa}</UniqueIdentifier>
    </Filter>
    <Filter Include="third-party\tinyexr">
      <UniqueIdentifier>{c35a977a-b9ad-4262-a0d1-9ba1f448242d}</UniqueIdentifier>
    </Filter>
    <Filter Include="third-party\tinygizmo">
      <UniqueIdentifier>{8003dc45-46b5-4e05-a1ea-127406978145}</UniqueIdentifier>
    </Filter>
  </ItemGroup>
</Project>