<?xml version="1.0" encoding="utf-8"?>
<Project ToolsVersion="4.0" xmlns="http://schemas.microsoft.com/developer/msbuild/2003">
  <ItemGroup>
    <ClCompile Include="gfx\gl\glfw-app.cpp">
      <Filter>gfx\gl</Filter>
    </ClCompile>
    <ClCompile Include="gfx\gl\gl-imgui.cpp">
      <Filter>gfx\gl</Filter>
    </ClCompile>
    <ClCompile Include="gfx\gl\gl-nvg.cpp">
      <Filter>gfx\gl</Filter>
    </ClCompile>
    <ClCompile Include="material.cpp">
      <Filter>assets</Filter>
    </ClCompile>
    <ClCompile Include="material-library.cpp">
      <Filter>assets</Filter>
    </ClCompile>
    <ClCompile Include="shader.cpp">
      <Filter>assets</Filter>
    </ClCompile>
    <ClCompile Include="shader-library.cpp">
      <Filter>assets</Filter>
    </ClCompile>
    <ClCompile Include="renderer-standard.cpp" />
  </ItemGroup>
  <ItemGroup>
    <ClInclude Include="gfx\gl\gl-api.hpp">
      <Filter>gfx\gl</Filter>
    </ClInclude>
    <ClInclude Include="gfx\gl\gl-async-gpu-timer.hpp">
      <Filter>gfx\gl</Filter>
    </ClInclude>
    <ClInclude Include="gfx\gl\gl-camera.hpp">
      <Filter>gfx\gl</Filter>
    </ClInclude>
    <ClInclude Include="gfx\gl\glfw-app.hpp">
      <Filter>gfx\gl</Filter>
    </ClInclude>
    <ClInclude Include="gfx\gl\gl-gizmo.hpp">
      <Filter>gfx\gl</Filter>
    </ClInclude>
    <ClInclude Include="gfx\gl\gl-imgui.hpp">
      <Filter>gfx\gl</Filter>
    </ClInclude>
    <ClInclude Include="gfx\gl\gl-loaders.hpp">
      <Filter>gfx\gl</Filter>
    </ClInclude>
    <ClInclude Include="gfx\gl\gl-mesh.hpp">
      <Filter>gfx\gl</Filter>
    </ClInclude>
    <ClInclude Include="gfx\gl\gl-nvg.hpp">
      <Filter>gfx\gl</Filter>
    </ClInclude>
    <ClInclude Include="gfx\gl\gl-procedural-mesh.hpp">
      <Filter>gfx\gl</Filter>
    </ClInclude>
    <ClInclude Include="gfx\gl\gl-procedural-sky.hpp">
      <Filter>gfx\gl</Filter>
    </ClInclude>
    <ClInclude Include="gfx\gl\gl-renderable-grid.hpp">
      <Filter>gfx\gl</Filter>
    </ClInclude>
    <ClInclude Include="gfx\gl\gl-renderable-meshline.hpp">
      <Filter>gfx\gl</Filter>
    </ClInclude>
    <ClInclude Include="gfx\gl\gl-texture-view.hpp">
      <Filter>gfx\gl</Filter>
    </ClInclude>
    <ClInclude Include="asset-handle.hpp">
      <Filter>assets</Filter>
    </ClInclude>
    <ClInclude Include="asset-handle-utils.hpp">
      <Filter>assets</Filter>
    </ClInclude>
    <ClInclude Include="material.hpp">
      <Filter>assets</Filter>
    </ClInclude>
    <ClInclude Include="material-library.hpp">
      <Filter>assets</Filter>
    </ClInclude>
    <ClInclude Include="shader.hpp">
      <Filter>assets</Filter>
    </ClInclude>
    <ClInclude Include="shader-library.hpp">
      <Filter>assets</Filter>
    </ClInclude>
    <ClInclude Include="serialization.inl">
      <Filter>assets</Filter>
    </ClInclude>
    <ClInclude Include="logging.hpp" />
    <ClInclude Include="profiling.hpp" />
    <ClInclude Include="scene.hpp" />
    <ClInclude Include="uniforms.hpp" />
    <ClInclude Include="renderer-standard.hpp" />
    <ClInclude Include="asset-resolver.hpp">
      <Filter>assets</Filter>
    </ClInclude>
  </ItemGroup>
  <ItemGroup>
    <Filter Include="gfx">
      <UniqueIdentifier>{a82ad854-e988-4334-a62f-dc832c053c15}</UniqueIdentifier>
    </Filter>
    <Filter Include="gfx\gl">
      <UniqueIdentifier>{cc4e37ef-4ac0-47f3-adcd-a38cf9cd4708}</UniqueIdentifier>
    </Filter>
    <Filter Include="assets">
      <UniqueIdentifier>{ceb9746b-b2d8-4e85-9c06-eb2a3215d6c6}</UniqueIdentifier>
    </Filter>
  </ItemGroup>
</Project>