<?xml version="1.0" encoding="utf-8"?>
<Project ToolsVersion="4.0" xmlns="http://schemas.microsoft.com/developer/msbuild/2003">
  <ItemGroup>
    <Filter Include="src">
      <UniqueIdentifier>{18186070-66de-4e86-bdec-e8ce244b6aff}</UniqueIdentifier>
    </Filter>
    <Filter Include="src\math">
      <UniqueIdentifier>{c7417ef8-96e1-441c-86ea-dd75ccbeaae8}</UniqueIdentifier>
    </Filter>
    <Filter Include="src\tools">
      <UniqueIdentifier>{10616b86-375f-450b-ab3f-8e2517e46f22}</UniqueIdentifier>
    </Filter>
    <Filter Include="src\queues">
      <UniqueIdentifier>{dd4ad3de-9911-4ad3-868e-03f188576ff1}</UniqueIdentifier>
    </Filter>
    <Filter Include="src\math-core">
      <UniqueIdentifier>{912ca261-d758-4be2-9f0e-4c906ab3c952}</UniqueIdentifier>
    </Filter>
    <Filter Include="src\platform">
      <UniqueIdentifier>{d967b0fd-5d65-4015-bbeb-65a60986ea54}</UniqueIdentifier>
    </Filter>
  </ItemGroup>
  <ItemGroup>
    <ClInclude Include="math-common.hpp">
      <Filter>src\math-core</Filter>
    </ClInclude>
    <ClInclude Include="math-spatial.hpp">
      <Filter>src\math-core</Filter>
    </ClInclude>
    <ClInclude Include="math-ray.hpp">
      <Filter>src\math-core</Filter>
    </ClInclude>
    <ClInclude Include="math-projection.hpp">
      <Filter>src\math-core</Filter>
    </ClInclude>
    <ClInclude Include="math-core.hpp">
      <Filter>src\math-core</Filter>
    </ClInclude>
    <ClInclude Include="trajectory.hpp">
      <Filter>src\math</Filter>
    </ClInclude>
    <ClInclude Include="splines.hpp">
      <Filter>src\math</Filter>
    </ClInclude>
    <ClInclude Include="octree.hpp">
      <Filter>src\math</Filter>
    </ClInclude>
    <ClInclude Include="geometry.hpp">
      <Filter>src\tools</Filter>
    </ClInclude>
    <ClInclude Include="arcball.hpp">
      <Filter>src\tools</Filter>
    </ClInclude>
    <ClInclude Include="util.hpp">
      <Filter>src\tools</Filter>
    </ClInclude>
    <ClInclude Include="linalg.h">
      <Filter>src\math-core</Filter>
    </ClInclude>
    <ClInclude Include="camera.hpp">
      <Filter>src\tools</Filter>
    </ClInclude>
    <ClInclude Include="math-primitives.hpp">
      <Filter>src\math-core</Filter>
    </ClInclude>
    <ClInclude Include="queue-spsc.hpp">
      <Filter>src\queues</Filter>
    </ClInclude>
    <ClInclude Include="queue-spsc-bounded.hpp">
      <Filter>src\queues</Filter>
    </ClInclude>
    <ClInclude Include="queue-mpsc.hpp">
      <Filter>src\queues</Filter>
    </ClInclude>
    <ClInclude Include="queue-mpsc-bounded.hpp">
      <Filter>src\queues</Filter>
    </ClInclude>
    <ClInclude Include="queue-mpmc-bounded.hpp">
      <Filter>src\queues</Filter>
    </ClInclude>
    <ClInclude Include="queue-mpmc-blocking.hpp">
      <Filter>src\queues</Filter>
    </ClInclude>
    <ClInclude Include="queue-circular.hpp">
      <Filter>src\queues</Filter>
    </ClInclude>
    <ClInclude Include="memory-pool.hpp">
      <Filter>src\tools</Filter>
    </ClInclude>
    <ClInclude Include="image-buffer.hpp">
      <Filter>src\tools</Filter>
    </ClInclude>
    <ClInclude Include="lib-polymer.hpp">
      <Filter>src</Filter>
    </ClInclude>
    <ClInclude Include="any.hpp">
      <Filter>src\tools</Filter>
    </ClInclude>
    <ClInclude Include="property.hpp">
      <Filter>src\tools</Filter>
    </ClInclude>
    <ClInclude Include="linalgx.h">
      <Filter>src\math-core</Filter>
    </ClInclude>
    <ClInclude Include="thread-pool.hpp">
      <Filter>src\tools</Filter>
    </ClInclude>
    <ClInclude Include="math-color.hpp">
      <Filter>src\math-core</Filter>
    </ClInclude>
    <ClInclude Include="math-sampling.hpp">
      <Filter>src\math-core</Filter>
    </ClInclude>
    <ClInclude Include="math-morton.hpp">
      <Filter>src\math-core</Filter>
    </ClInclude>
    <ClInclude Include="bvh.hpp">
      <Filter>src\math</Filter>
    </ClInclude>
    <ClInclude Include="oriented-bounding-box.hpp">
      <Filter>src\math</Filter>
    </ClInclude>
    <ClInclude Include="util-win32.hpp">
      <Filter>src\platform</Filter>
    </ClInclude>
    <ClInclude Include="guid.hpp">
      <Filter>src\tools</Filter>
    </ClInclude>
    <ClInclude Include="one-euro.hpp">
      <Filter>src\math</Filter>
    </ClInclude>
    <ClInclude Include="quick-hull.hpp">
      <Filter>src\math</Filter>
    </ClInclude>
    <ClInclude Include="poisson-disk.hpp">
      <Filter>src\math</Filter>
    </ClInclude>
    <ClInclude Include="simplex-noise.hpp">
      <Filter>src\math</Filter>
    </ClInclude>
    <ClInclude Include="polynomial-solvers.hpp">
      <Filter>src\math</Filter>
    </ClInclude>
    <ClInclude Include="simple-animator.hpp">
      <Filter>src\math</Filter>
    </ClInclude>
    <ClInclude Include="radix-sort.hpp">
      <Filter>src\math</Filter>
    </ClInclude>
    <ClInclude Include="parallel-transport-frames.hpp">
      <Filter>src\math</Filter>
    </ClInclude>
    <ClInclude Include="parabolic-pointer.hpp">
      <Filter>src\math</Filter>
    </ClInclude>
    <ClInclude Include="movement-tracker.hpp">
      <Filter>src\math</Filter>
    </ClInclude>
    <ClInclude Include="algo-misc.hpp">
      <Filter>src\math</Filter>
    </ClInclude>
    <ClInclude Include="bit-mask.hpp">
      <Filter>src\tools</Filter>
    </ClInclude>
    <ClInclude Include="procedural-mesh.hpp">
      <Filter>src\tools</Filter>
    </ClInclude>
    <ClInclude Include="string-utils.hpp">
      <Filter>src\tools</Filter>
    </ClInclude>
    <ClInclude Include="file-io.hpp">
      <Filter>src\tools</Filter>
    </ClInclude>
    <ClInclude Include="simple-timer.hpp">
      <Filter>src\tools</Filter>
    </ClInclude>
  </ItemGroup>
  <ItemGroup>
    <ClCompile Include="lib-polymer.cpp">
      <Filter>src</Filter>
    </ClCompile>
    <ClCompile Include="util-win32.cpp">
      <Filter>src\platform</Filter>
    </ClCompile>
  </ItemGroup>
</Project>